
Microsoft Visual Studio Solution File, Format Version 12.00
# Visual Studio Version 16
VisualStudioVersion = 16.0.31105.61
MinimumVisualStudioVersion = 10.0.40219.1
Project("{FAE04EC0-301F-11D3-BF4B-00C04F79EFBC}") = "MVCDemo", "MVCDemo\MVCDemo.csproj", "{217AFCAB-DE82-41FB-83E4-B99F5507C1D2}"
EndProject
Global
	GlobalSection(SolutionConfigurationPlatforms) = preSolution
		Debug|Any CPU = Debug|Any CPU
		Release|Any CPU = Release|Any CPU
	EndGlobalSection
	GlobalSection(ProjectConfigurationPlatforms) = postSolution
		{217AFCAB-DE82-41FB-83E4-B99F5507C1D2}.Debug|Any CPU.ActiveCfg = Debug|Any CPU
		{217AFCAB-DE82-41FB-83E4-B99F5507C1D2}.Debug|Any CPU.Build.0 = Debug|Any CPU
		{217AFCAB-DE82-41FB-83E4-B99F5507C1D2}.Release|Any CPU.ActiveCfg = Release|Any CPU
		{217AFCAB-DE82-41FB-83E4-B99F5507C1D2}.Release|Any CPU.Build.0 = Release|Any CPU
	EndGlobalSection
	GlobalSection(SolutionProperties) = preSolution
		HideSolutionNode = FALSE
	EndGlobalSection
	GlobalSection(ExtensibilityGlobals) = postSolution
		SolutionGuid = {9782108F-5238-4B89-9F54-E9456663CE6A}
	EndGlobalSection
EndGlobal
